// !$*UTF8*$!
{
	archiveVersion = 1;
	classes = {
	};
	objectVersion = 56;
	objects = {

/* Begin PBXBuildFile section */
		902005FF29858E6C0054D297 /* DiagoApp.swift in Sources */ = {isa = PBXBuildFile; fileRef = 902005FE29858E6C0054D297 /* DiagoApp.swift */; };
		9020060329858E6E0054D297 /* Assets.xcassets in Resources */ = {isa = PBXBuildFile; fileRef = 9020060229858E6E0054D297 /* Assets.xcassets */; };
		9020060629858E6E0054D297 /* Preview Assets.xcassets in Resources */ = {isa = PBXBuildFile; fileRef = 9020060529858E6E0054D297 /* Preview Assets.xcassets */; };
		9020060829858E6E0054D297 /* Persistence.swift in Sources */ = {isa = PBXBuildFile; fileRef = 9020060729858E6E0054D297 /* Persistence.swift */; };
		9020060B29858E6E0054D297 /* Diago.xcdatamodeld in Sources */ = {isa = PBXBuildFile; fileRef = 9020060929858E6E0054D297 /* Diago.xcdatamodeld */; };
		9020061529858E6E0054D297 /* DiagoTests.swift in Sources */ = {isa = PBXBuildFile; fileRef = 9020061429858E6E0054D297 /* DiagoTests.swift */; };
		9020061F29858E6E0054D297 /* DiagoUITests.swift in Sources */ = {isa = PBXBuildFile; fileRef = 9020061E29858E6E0054D297 /* DiagoUITests.swift */; };
		9020062129858E6E0054D297 /* DiagoUITestsLaunchTests.swift in Sources */ = {isa = PBXBuildFile; fileRef = 9020062029858E6E0054D297 /* DiagoUITestsLaunchTests.swift */; };
		9020062E29858E870054D297 /* HomeView.swift in Sources */ = {isa = PBXBuildFile; fileRef = 9020062D29858E870054D297 /* HomeView.swift */; };
		9020063229859A5E0054D297 /* ButtonViews.swift in Sources */ = {isa = PBXBuildFile; fileRef = 9020063129859A5E0054D297 /* ButtonViews.swift */; };
		9020063529859C360054D297 /* ElementConstraints.swift in Sources */ = {isa = PBXBuildFile; fileRef = 9020063429859C360054D297 /* ElementConstraints.swift */; };
		9020063729859EF60054D297 /* GoogleService-Info.plist in Resources */ = {isa = PBXBuildFile; fileRef = 9020063629859EF60054D297 /* GoogleService-Info.plist */; };
		9020063A29859F9E0054D297 /* FirebaseFirestore in Frameworks */ = {isa = PBXBuildFile; productRef = 9020063929859F9E0054D297 /* FirebaseFirestore */; };
		9020063C29859F9E0054D297 /* FirebaseFirestoreCombine-Community in Frameworks */ = {isa = PBXBuildFile; productRef = 9020063B29859F9E0054D297 /* FirebaseFirestoreCombine-Community */; };
		9020063E29859F9E0054D297 /* FirebaseFirestoreSwift in Frameworks */ = {isa = PBXBuildFile; productRef = 9020063D29859F9E0054D297 /* FirebaseFirestoreSwift */; };
		902006402985A4CA0054D297 /* Color.swift in Sources */ = {isa = PBXBuildFile; fileRef = 9020063F2985A4CA0054D297 /* Color.swift */; };
		902006442985B33D0054D297 /* Gilroy-Fonts in Resources */ = {isa = PBXBuildFile; fileRef = 902006432985B33D0054D297 /* Gilroy-Fonts */; };
		902006462985BB110054D297 /* PromptViews.swift in Sources */ = {isa = PBXBuildFile; fileRef = 902006452985BB110054D297 /* PromptViews.swift */; };
		902006482985C4790054D297 /* VitalsTestViews.swift in Sources */ = {isa = PBXBuildFile; fileRef = 902006472985C4790054D297 /* VitalsTestViews.swift */; };
		9020064D29860AAE0054D297 /* CoughTestView.swift in Sources */ = {isa = PBXBuildFile; fileRef = 9020064C29860AAE0054D297 /* CoughTestView.swift */; };
		9020065029861BC90054D297 /* DSWaveformImage in Frameworks */ = {isa = PBXBuildFile; productRef = 9020064F29861BC90054D297 /* DSWaveformImage */; };
		9020065329861FBF0054D297 /* AudioModel.swift in Sources */ = {isa = PBXBuildFile; fileRef = 9020065229861FBF0054D297 /* AudioModel.swift */; };
		90B36B0829866DA00049942E /* FirebaseStorage in Frameworks */ = {isa = PBXBuildFile; productRef = 90B36B0729866DA00049942E /* FirebaseStorage */; };
		90B36B0C2986A4020049942E /* DiagnosisView.swift in Sources */ = {isa = PBXBuildFile; fileRef = 90B36B0B2986A4020049942E /* DiagnosisView.swift */; };
		90B36B0E2986A5D90049942E /* URLRequests.swift in Sources */ = {isa = PBXBuildFile; fileRef = 90B36B0D2986A5D90049942E /* URLRequests.swift */; };
		FCE0E8DF2986B502004A331C /* OAuthSwift in Frameworks */ = {isa = PBXBuildFile; productRef = FCE0E8DE2986B502004A331C /* OAuthSwift */; };
		FCE0E8E12986B545004A331C /* FitBitAPI.swift in Sources */ = {isa = PBXBuildFile; fileRef = FCE0E8E02986B545004A331C /* FitBitAPI.swift */; };
/* End PBXBuildFile section */

/* Begin PBXContainerItemProxy section */
		9020061129858E6E0054D297 /* PBXContainerItemProxy */ = {
			isa = PBXContainerItemProxy;
			containerPortal = 902005F329858E6C0054D297 /* Project object */;
			proxyType = 1;
			remoteGlobalIDString = 902005FA29858E6C0054D297;
			remoteInfo = Diago;
		};
		9020061B29858E6E0054D297 /* PBXContainerItemProxy */ = {
			isa = PBXContainerItemProxy;
			containerPortal = 902005F329858E6C0054D297 /* Project object */;
			proxyType = 1;
			remoteGlobalIDString = 902005FA29858E6C0054D297;
			remoteInfo = Diago;
		};
/* End PBXContainerItemProxy section */

/* Begin PBXFileReference section */
		902005FB29858E6C0054D297 /* Diago.app */ = {isa = PBXFileReference; explicitFileType = wrapper.application; includeInIndex = 0; path = Diago.app; sourceTree = BUILT_PRODUCTS_DIR; };
		902005FE29858E6C0054D297 /* DiagoApp.swift */ = {isa = PBXFileReference; lastKnownFileType = sourcecode.swift; path = DiagoApp.swift; sourceTree = "<group>"; };
		9020060229858E6E0054D297 /* Assets.xcassets */ = {isa = PBXFileReference; lastKnownFileType = folder.assetcatalog; path = Assets.xcassets; sourceTree = "<group>"; };
		9020060529858E6E0054D297 /* Preview Assets.xcassets */ = {isa = PBXFileReference; lastKnownFileType = folder.assetcatalog; path = "Preview Assets.xcassets"; sourceTree = "<group>"; };
		9020060729858E6E0054D297 /* Persistence.swift */ = {isa = PBXFileReference; lastKnownFileType = sourcecode.swift; path = Persistence.swift; sourceTree = "<group>"; };
		9020060A29858E6E0054D297 /* Diago.xcdatamodel */ = {isa = PBXFileReference; lastKnownFileType = wrapper.xcdatamodel; path = Diago.xcdatamodel; sourceTree = "<group>"; };
		9020061029858E6E0054D297 /* DiagoTests.xctest */ = {isa = PBXFileReference; explicitFileType = wrapper.cfbundle; includeInIndex = 0; path = DiagoTests.xctest; sourceTree = BUILT_PRODUCTS_DIR; };
		9020061429858E6E0054D297 /* DiagoTests.swift */ = {isa = PBXFileReference; lastKnownFileType = sourcecode.swift; path = DiagoTests.swift; sourceTree = "<group>"; };
		9020061A29858E6E0054D297 /* DiagoUITests.xctest */ = {isa = PBXFileReference; explicitFileType = wrapper.cfbundle; includeInIndex = 0; path = DiagoUITests.xctest; sourceTree = BUILT_PRODUCTS_DIR; };
		9020061E29858E6E0054D297 /* DiagoUITests.swift */ = {isa = PBXFileReference; lastKnownFileType = sourcecode.swift; path = DiagoUITests.swift; sourceTree = "<group>"; };
		9020062029858E6E0054D297 /* DiagoUITestsLaunchTests.swift */ = {isa = PBXFileReference; lastKnownFileType = sourcecode.swift; path = DiagoUITestsLaunchTests.swift; sourceTree = "<group>"; };
		9020062D29858E870054D297 /* HomeView.swift */ = {isa = PBXFileReference; lastKnownFileType = sourcecode.swift; path = HomeView.swift; sourceTree = "<group>"; };
		9020063129859A5E0054D297 /* ButtonViews.swift */ = {isa = PBXFileReference; lastKnownFileType = sourcecode.swift; path = ButtonViews.swift; sourceTree = "<group>"; };
		9020063429859C360054D297 /* ElementConstraints.swift */ = {isa = PBXFileReference; lastKnownFileType = sourcecode.swift; path = ElementConstraints.swift; sourceTree = "<group>"; };
		9020063629859EF60054D297 /* GoogleService-Info.plist */ = {isa = PBXFileReference; fileEncoding = 4; lastKnownFileType = text.plist.xml; name = "GoogleService-Info.plist"; path = "../../../../../Downloads/GoogleService-Info.plist"; sourceTree = "<group>"; };
		9020063F2985A4CA0054D297 /* Color.swift */ = {isa = PBXFileReference; lastKnownFileType = sourcecode.swift; path = Color.swift; sourceTree = "<group>"; };
		902006412985ADB70054D297 /* Info.plist */ = {isa = PBXFileReference; lastKnownFileType = text.plist; path = Info.plist; sourceTree = "<group>"; };
		902006432985B33D0054D297 /* Gilroy-Fonts */ = {isa = PBXFileReference; lastKnownFileType = folder; name = "Gilroy-Fonts"; path = "../../../../../../Gilroy-Fonts"; sourceTree = "<group>"; };
		902006452985BB110054D297 /* PromptViews.swift */ = {isa = PBXFileReference; lastKnownFileType = sourcecode.swift; path = PromptViews.swift; sourceTree = "<group>"; };
		902006472985C4790054D297 /* VitalsTestViews.swift */ = {isa = PBXFileReference; lastKnownFileType = sourcecode.swift; path = VitalsTestViews.swift; sourceTree = "<group>"; };
		9020064C29860AAE0054D297 /* CoughTestView.swift */ = {isa = PBXFileReference; lastKnownFileType = sourcecode.swift; path = CoughTestView.swift; sourceTree = "<group>"; };
		9020065229861FBF0054D297 /* AudioModel.swift */ = {isa = PBXFileReference; lastKnownFileType = sourcecode.swift; path = AudioModel.swift; sourceTree = "<group>"; };
		90B36B0B2986A4020049942E /* DiagnosisView.swift */ = {isa = PBXFileReference; lastKnownFileType = sourcecode.swift; path = DiagnosisView.swift; sourceTree = "<group>"; };
		90B36B0D2986A5D90049942E /* URLRequests.swift */ = {isa = PBXFileReference; lastKnownFileType = sourcecode.swift; path = URLRequests.swift; sourceTree = "<group>"; };
		FCE0E8E02986B545004A331C /* FitBitAPI.swift */ = {isa = PBXFileReference; lastKnownFileType = sourcecode.swift; path = FitBitAPI.swift; sourceTree = "<group>"; };
/* End PBXFileReference section */

/* Begin PBXFrameworksBuildPhase section */
		902005F829858E6C0054D297 /* Frameworks */ = {
			isa = PBXFrameworksBuildPhase;
			buildActionMask = 2147483647;
			files = (
				9020065029861BC90054D297 /* DSWaveformImage in Frameworks */,
				9020063A29859F9E0054D297 /* FirebaseFirestore in Frameworks */,
				FCE0E8DF2986B502004A331C /* OAuthSwift in Frameworks */,
				9020063C29859F9E0054D297 /* FirebaseFirestoreCombine-Community in Frameworks */,
				90B36B0829866DA00049942E /* FirebaseStorage in Frameworks */,
				9020063E29859F9E0054D297 /* FirebaseFirestoreSwift in Frameworks */,
			);
			runOnlyForDeploymentPostprocessing = 0;
		};
		9020060D29858E6E0054D297 /* Frameworks */ = {
			isa = PBXFrameworksBuildPhase;
			buildActionMask = 2147483647;
			files = (
			);
			runOnlyForDeploymentPostprocessing = 0;
		};
		9020061729858E6E0054D297 /* Frameworks */ = {
			isa = PBXFrameworksBuildPhase;
			buildActionMask = 2147483647;
			files = (
			);
			runOnlyForDeploymentPostprocessing = 0;
		};
/* End PBXFrameworksBuildPhase section */

/* Begin PBXGroup section */
		902005F229858E6C0054D297 = {
			isa = PBXGroup;
			children = (
				902005FD29858E6C0054D297 /* Diago */,
				9020061329858E6E0054D297 /* DiagoTests */,
				9020061D29858E6E0054D297 /* DiagoUITests */,
				902005FC29858E6C0054D297 /* Products */,
				90B36B0629866DA00049942E /* Frameworks */,
			);
			sourceTree = "<group>";
		};
		902005FC29858E6C0054D297 /* Products */ = {
			isa = PBXGroup;
			children = (
				902005FB29858E6C0054D297 /* Diago.app */,
				9020061029858E6E0054D297 /* DiagoTests.xctest */,
				9020061A29858E6E0054D297 /* DiagoUITests.xctest */,
			);
			name = Products;
			sourceTree = "<group>";
		};
		902005FD29858E6C0054D297 /* Diago */ = {
			isa = PBXGroup;
			children = (
				902006412985ADB70054D297 /* Info.plist */,
				9020064B2985FB7B0054D297 /* DiagoBackend */,
				9020062F29859A260054D297 /* DiagoUI */,
				902005FE29858E6C0054D297 /* DiagoApp.swift */,
				9020062D29858E870054D297 /* HomeView.swift */,
				9020060229858E6E0054D297 /* Assets.xcassets */,
				9020060729858E6E0054D297 /* Persistence.swift */,
				9020060929858E6E0054D297 /* Diago.xcdatamodeld */,
				9020063629859EF60054D297 /* GoogleService-Info.plist */,
				9020060429858E6E0054D297 /* Preview Content */,
			);
			path = Diago;
			sourceTree = "<group>";
		};
		9020060429858E6E0054D297 /* Preview Content */ = {
			isa = PBXGroup;
			children = (
				9020060529858E6E0054D297 /* Preview Assets.xcassets */,
			);
			path = "Preview Content";
			sourceTree = "<group>";
		};
		9020061329858E6E0054D297 /* DiagoTests */ = {
			isa = PBXGroup;
			children = (
				9020061429858E6E0054D297 /* DiagoTests.swift */,
			);
			path = DiagoTests;
			sourceTree = "<group>";
		};
		9020061D29858E6E0054D297 /* DiagoUITests */ = {
			isa = PBXGroup;
			children = (
				9020061E29858E6E0054D297 /* DiagoUITests.swift */,
				9020062029858E6E0054D297 /* DiagoUITestsLaunchTests.swift */,
			);
			path = DiagoUITests;
			sourceTree = "<group>";
		};
		9020062F29859A260054D297 /* DiagoUI */ = {
			isa = PBXGroup;
			children = (
				902006422985B32B0054D297 /* Diago-Fonts */,
				9020063329859C120054D297 /* Reusable Components */,
				9020063029859A3F0054D297 /* Reusable Elements */,
			);
			path = DiagoUI;
			sourceTree = "<group>";
		};
		9020063029859A3F0054D297 /* Reusable Elements */ = {
			isa = PBXGroup;
			children = (
				9020063129859A5E0054D297 /* ButtonViews.swift */,
				902006452985BB110054D297 /* PromptViews.swift */,
				902006472985C4790054D297 /* VitalsTestViews.swift */,
				9020065129861FA90054D297 /* CoughTest */,
			);
			path = "Reusable Elements";
			sourceTree = "<group>";
		};
		9020063329859C120054D297 /* Reusable Components */ = {
			isa = PBXGroup;
			children = (
				9020063429859C360054D297 /* ElementConstraints.swift */,
				9020063F2985A4CA0054D297 /* Color.swift */,
			);
			path = "Reusable Components";
			sourceTree = "<group>";
		};
		902006422985B32B0054D297 /* Diago-Fonts */ = {
			isa = PBXGroup;
			children = (
				902006432985B33D0054D297 /* Gilroy-Fonts */,
			);
			path = "Diago-Fonts";
			sourceTree = "<group>";
		};
		9020064B2985FB7B0054D297 /* DiagoBackend */ = {
			isa = PBXGroup;
			children = (
				90B36B0D2986A5D90049942E /* URLRequests.swift */,
				FCE0E8E02986B545004A331C /* FitBitAPI.swift */,
			);
			path = DiagoBackend;
			sourceTree = "<group>";
		};
		9020065129861FA90054D297 /* CoughTest */ = {
			isa = PBXGroup;
			children = (
				9020064C29860AAE0054D297 /* CoughTestView.swift */,
				9020065229861FBF0054D297 /* AudioModel.swift */,
				90B36B0B2986A4020049942E /* DiagnosisView.swift */,
			);
			path = CoughTest;
			sourceTree = "<group>";
		};
		90B36B0629866DA00049942E /* Frameworks */ = {
			isa = PBXGroup;
			children = (
			);
			name = Frameworks;
			sourceTree = "<group>";
		};
/* End PBXGroup section */

/* Begin PBXNativeTarget section */
		902005FA29858E6C0054D297 /* Diago */ = {
			isa = PBXNativeTarget;
			buildConfigurationList = 9020062429858E6E0054D297 /* Build configuration list for PBXNativeTarget "Diago" */;
			buildPhases = (
				902005F729858E6C0054D297 /* Sources */,
				902005F829858E6C0054D297 /* Frameworks */,
				902005F929858E6C0054D297 /* Resources */,
			);
			buildRules = (
			);
			dependencies = (
			);
			name = Diago;
			packageProductDependencies = (
				9020063929859F9E0054D297 /* FirebaseFirestore */,
				9020063B29859F9E0054D297 /* FirebaseFirestoreCombine-Community */,
				9020063D29859F9E0054D297 /* FirebaseFirestoreSwift */,
				9020064F29861BC90054D297 /* DSWaveformImage */,
				90B36B0729866DA00049942E /* FirebaseStorage */,
				FCE0E8DE2986B502004A331C /* OAuthSwift */,
			);
			productName = Diago;
			productReference = 902005FB29858E6C0054D297 /* Diago.app */;
			productType = "com.apple.product-type.application";
		};
		9020060F29858E6E0054D297 /* DiagoTests */ = {
			isa = PBXNativeTarget;
			buildConfigurationList = 9020062729858E6E0054D297 /* Build configuration list for PBXNativeTarget "DiagoTests" */;
			buildPhases = (
				9020060C29858E6E0054D297 /* Sources */,
				9020060D29858E6E0054D297 /* Frameworks */,
				9020060E29858E6E0054D297 /* Resources */,
			);
			buildRules = (
			);
			dependencies = (
				9020061229858E6E0054D297 /* PBXTargetDependency */,
			);
			name = DiagoTests;
			productName = DiagoTests;
			productReference = 9020061029858E6E0054D297 /* DiagoTests.xctest */;
			productType = "com.apple.product-type.bundle.unit-test";
		};
		9020061929858E6E0054D297 /* DiagoUITests */ = {
			isa = PBXNativeTarget;
			buildConfigurationList = 9020062A29858E6E0054D297 /* Build configuration list for PBXNativeTarget "DiagoUITests" */;
			buildPhases = (
				9020061629858E6E0054D297 /* Sources */,
				9020061729858E6E0054D297 /* Frameworks */,
				9020061829858E6E0054D297 /* Resources */,
			);
			buildRules = (
			);
			dependencies = (
				9020061C29858E6E0054D297 /* PBXTargetDependency */,
			);
			name = DiagoUITests;
			productName = DiagoUITests;
			productReference = 9020061A29858E6E0054D297 /* DiagoUITests.xctest */;
			productType = "com.apple.product-type.bundle.ui-testing";
		};
/* End PBXNativeTarget section */

/* Begin PBXProject section */
		902005F329858E6C0054D297 /* Project object */ = {
			isa = PBXProject;
			attributes = {
				BuildIndependentTargetsInParallel = 1;
				LastSwiftUpdateCheck = 1400;
				LastUpgradeCheck = 1400;
				TargetAttributes = {
					902005FA29858E6C0054D297 = {
						CreatedOnToolsVersion = 14.0;
					};
					9020060F29858E6E0054D297 = {
						CreatedOnToolsVersion = 14.0;
						TestTargetID = 902005FA29858E6C0054D297;
					};
					9020061929858E6E0054D297 = {
						CreatedOnToolsVersion = 14.0;
						TestTargetID = 902005FA29858E6C0054D297;
					};
				};
			};
			buildConfigurationList = 902005F629858E6C0054D297 /* Build configuration list for PBXProject "Diago" */;
			compatibilityVersion = "Xcode 14.0";
			developmentRegion = en;
			hasScannedForEncodings = 0;
			knownRegions = (
				en,
				Base,
			);
			mainGroup = 902005F229858E6C0054D297;
			packageReferences = (
				9020063829859F9E0054D297 /* XCRemoteSwiftPackageReference "firebase-ios-sdk" */,
				9020064E29861BC80054D297 /* XCRemoteSwiftPackageReference "DSWaveformImage" */,
				FCE0E8DD2986B502004A331C /* XCRemoteSwiftPackageReference "OAuthSwift" */,
			);
			productRefGroup = 902005FC29858E6C0054D297 /* Products */;
			projectDirPath = "";
			projectRoot = "";
			targets = (
				902005FA29858E6C0054D297 /* Diago */,
				9020060F29858E6E0054D297 /* DiagoTests */,
				9020061929858E6E0054D297 /* DiagoUITests */,
			);
		};
/* End PBXProject section */

/* Begin PBXResourcesBuildPhase section */
		902005F929858E6C0054D297 /* Resources */ = {
			isa = PBXResourcesBuildPhase;
			buildActionMask = 2147483647;
			files = (
				9020060629858E6E0054D297 /* Preview Assets.xcassets in Resources */,
				902006442985B33D0054D297 /* Gilroy-Fonts in Resources */,
				9020060329858E6E0054D297 /* Assets.xcassets in Resources */,
				9020063729859EF60054D297 /* GoogleService-Info.plist in Resources */,
			);
			runOnlyForDeploymentPostprocessing = 0;
		};
		9020060E29858E6E0054D297 /* Resources */ = {
			isa = PBXResourcesBuildPhase;
			buildActionMask = 2147483647;
			files = (
			);
			runOnlyForDeploymentPostprocessing = 0;
		};
		9020061829858E6E0054D297 /* Resources */ = {
			isa = PBXResourcesBuildPhase;
			buildActionMask = 2147483647;
			files = (
			);
			runOnlyForDeploymentPostprocessing = 0;
		};
/* End PBXResourcesBuildPhase section */

/* Begin PBXSourcesBuildPhase section */
		902005F729858E6C0054D297 /* Sources */ = {
			isa = PBXSourcesBuildPhase;
			buildActionMask = 2147483647;
			files = (
				9020065329861FBF0054D297 /* AudioModel.swift in Sources */,
				9020060829858E6E0054D297 /* Persistence.swift in Sources */,
				9020064D29860AAE0054D297 /* CoughTestView.swift in Sources */,
				90B36B0E2986A5D90049942E /* URLRequests.swift in Sources */,
				9020060B29858E6E0054D297 /* Diago.xcdatamodeld in Sources */,
				902006482985C4790054D297 /* VitalsTestViews.swift in Sources */,
				902006402985A4CA0054D297 /* Color.swift in Sources */,
				90B36B0C2986A4020049942E /* DiagnosisView.swift in Sources */,
				9020063229859A5E0054D297 /* ButtonViews.swift in Sources */,
				9020062E29858E870054D297 /* HomeView.swift in Sources */,
				FCE0E8E12986B545004A331C /* FitBitAPI.swift in Sources */,
				902005FF29858E6C0054D297 /* DiagoApp.swift in Sources */,
				9020063529859C360054D297 /* ElementConstraints.swift in Sources */,
				902006462985BB110054D297 /* PromptViews.swift in Sources */,
			);
			runOnlyForDeploymentPostprocessing = 0;
		};
		9020060C29858E6E0054D297 /* Sources */ = {
			isa = PBXSourcesBuildPhase;
			buildActionMask = 2147483647;
			files = (
				9020061529858E6E0054D297 /* DiagoTests.swift in Sources */,
			);
			runOnlyForDeploymentPostprocessing = 0;
		};
		9020061629858E6E0054D297 /* Sources */ = {
			isa = PBXSourcesBuildPhase;
			buildActionMask = 2147483647;
			files = (
				9020061F29858E6E0054D297 /* DiagoUITests.swift in Sources */,
				9020062129858E6E0054D297 /* DiagoUITestsLaunchTests.swift in Sources */,
			);
			runOnlyForDeploymentPostprocessing = 0;
		};
/* End PBXSourcesBuildPhase section */

/* Begin PBXTargetDependency section */
		9020061229858E6E0054D297 /* PBXTargetDependency */ = {
			isa = PBXTargetDependency;
			target = 902005FA29858E6C0054D297 /* Diago */;
			targetProxy = 9020061129858E6E0054D297 /* PBXContainerItemProxy */;
		};
		9020061C29858E6E0054D297 /* PBXTargetDependency */ = {
			isa = PBXTargetDependency;
			target = 902005FA29858E6C0054D297 /* Diago */;
			targetProxy = 9020061B29858E6E0054D297 /* PBXContainerItemProxy */;
		};
/* End PBXTargetDependency section */

/* Begin XCBuildConfiguration section */
		9020062229858E6E0054D297 /* Debug */ = {
			isa = XCBuildConfiguration;
			buildSettings = {
				ALWAYS_SEARCH_USER_PATHS = NO;
				CLANG_ANALYZER_NONNULL = YES;
				CLANG_ANALYZER_NUMBER_OBJECT_CONVERSION = YES_AGGRESSIVE;
				CLANG_CXX_LANGUAGE_STANDARD = "gnu++20";
				CLANG_ENABLE_MODULES = YES;
				CLANG_ENABLE_OBJC_ARC = YES;
				CLANG_ENABLE_OBJC_WEAK = YES;
				CLANG_WARN_BLOCK_CAPTURE_AUTORELEASING = YES;
				CLANG_WARN_BOOL_CONVERSION = YES;
				CLANG_WARN_COMMA = YES;
				CLANG_WARN_CONSTANT_CONVERSION = YES;
				CLANG_WARN_DEPRECATED_OBJC_IMPLEMENTATIONS = YES;
				CLANG_WARN_DIRECT_OBJC_ISA_USAGE = YES_ERROR;
				CLANG_WARN_DOCUMENTATION_COMMENTS = YES;
				CLANG_WARN_EMPTY_BODY = YES;
				CLANG_WARN_ENUM_CONVERSION = YES;
				CLANG_WARN_INFINITE_RECURSION = YES;
				CLANG_WARN_INT_CONVERSION = YES;
				CLANG_WARN_NON_LITERAL_NULL_CONVERSION = YES;
				CLANG_WARN_OBJC_IMPLICIT_RETAIN_SELF = YES;
				CLANG_WARN_OBJC_LITERAL_CONVERSION = YES;
				CLANG_WARN_OBJC_ROOT_CLASS = YES_ERROR;
				CLANG_WARN_QUOTED_INCLUDE_IN_FRAMEWORK_HEADER = YES;
				CLANG_WARN_RANGE_LOOP_ANALYSIS = YES;
				CLANG_WARN_STRICT_PROTOTYPES = YES;
				CLANG_WARN_SUSPICIOUS_MOVE = YES;
				CLANG_WARN_UNGUARDED_AVAILABILITY = YES_AGGRESSIVE;
				CLANG_WARN_UNREACHABLE_CODE = YES;
				CLANG_WARN__DUPLICATE_METHOD_MATCH = YES;
				COPY_PHASE_STRIP = NO;
				DEBUG_INFORMATION_FORMAT = dwarf;
				ENABLE_STRICT_OBJC_MSGSEND = YES;
				ENABLE_TESTABILITY = YES;
				GCC_C_LANGUAGE_STANDARD = gnu11;
				GCC_DYNAMIC_NO_PIC = NO;
				GCC_NO_COMMON_BLOCKS = YES;
				GCC_OPTIMIZATION_LEVEL = 0;
				GCC_PREPROCESSOR_DEFINITIONS = (
					"DEBUG=1",
					"$(inherited)",
				);
				GCC_WARN_64_TO_32_BIT_CONVERSION = YES;
				GCC_WARN_ABOUT_RETURN_TYPE = YES_ERROR;
				GCC_WARN_UNDECLARED_SELECTOR = YES;
				GCC_WARN_UNINITIALIZED_AUTOS = YES_AGGRESSIVE;
				GCC_WARN_UNUSED_FUNCTION = YES;
				GCC_WARN_UNUSED_VARIABLE = YES;
				IPHONEOS_DEPLOYMENT_TARGET = 16.0;
				MTL_ENABLE_DEBUG_INFO = INCLUDE_SOURCE;
				MTL_FAST_MATH = YES;
				ONLY_ACTIVE_ARCH = YES;
				SDKROOT = iphoneos;
				SWIFT_ACTIVE_COMPILATION_CONDITIONS = DEBUG;
				SWIFT_OPTIMIZATION_LEVEL = "-Onone";
			};
			name = Debug;
		};
		9020062329858E6E0054D297 /* Release */ = {
			isa = XCBuildConfiguration;
			buildSettings = {
				ALWAYS_SEARCH_USER_PATHS = NO;
				CLANG_ANALYZER_NONNULL = YES;
				CLANG_ANALYZER_NUMBER_OBJECT_CONVERSION = YES_AGGRESSIVE;
				CLANG_CXX_LANGUAGE_STANDARD = "gnu++20";
				CLANG_ENABLE_MODULES = YES;
				CLANG_ENABLE_OBJC_ARC = YES;
				CLANG_ENABLE_OBJC_WEAK = YES;
				CLANG_WARN_BLOCK_CAPTURE_AUTORELEASING = YES;
				CLANG_WARN_BOOL_CONVERSION = YES;
				CLANG_WARN_COMMA = YES;
				CLANG_WARN_CONSTANT_CONVERSION = YES;
				CLANG_WARN_DEPRECATED_OBJC_IMPLEMENTATIONS = YES;
				CLANG_WARN_DIRECT_OBJC_ISA_USAGE = YES_ERROR;
				CLANG_WARN_DOCUMENTATION_COMMENTS = YES;
				CLANG_WARN_EMPTY_BODY = YES;
				CLANG_WARN_ENUM_CONVERSION = YES;
				CLANG_WARN_INFINITE_RECURSION = YES;
				CLANG_WARN_INT_CONVERSION = YES;
				CLANG_WARN_NON_LITERAL_NULL_CONVERSION = YES;
				CLANG_WARN_OBJC_IMPLICIT_RETAIN_SELF = YES;
				CLANG_WARN_OBJC_LITERAL_CONVERSION = YES;
				CLANG_WARN_OBJC_ROOT_CLASS = YES_ERROR;
				CLANG_WARN_QUOTED_INCLUDE_IN_FRAMEWORK_HEADER = YES;
				CLANG_WARN_RANGE_LOOP_ANALYSIS = YES;
				CLANG_WARN_STRICT_PROTOTYPES = YES;
				CLANG_WARN_SUSPICIOUS_MOVE = YES;
				CLANG_WARN_UNGUARDED_AVAILABILITY = YES_AGGRESSIVE;
				CLANG_WARN_UNREACHABLE_CODE = YES;
				CLANG_WARN__DUPLICATE_METHOD_MATCH = YES;
				COPY_PHASE_STRIP = NO;
				DEBUG_INFORMATION_FORMAT = "dwarf-with-dsym";
				ENABLE_NS_ASSERTIONS = NO;
				ENABLE_STRICT_OBJC_MSGSEND = YES;
				GCC_C_LANGUAGE_STANDARD = gnu11;
				GCC_NO_COMMON_BLOCKS = YES;
				GCC_WARN_64_TO_32_BIT_CONVERSION = YES;
				GCC_WARN_ABOUT_RETURN_TYPE = YES_ERROR;
				GCC_WARN_UNDECLARED_SELECTOR = YES;
				GCC_WARN_UNINITIALIZED_AUTOS = YES_AGGRESSIVE;
				GCC_WARN_UNUSED_FUNCTION = YES;
				GCC_WARN_UNUSED_VARIABLE = YES;
				IPHONEOS_DEPLOYMENT_TARGET = 16.0;
				MTL_ENABLE_DEBUG_INFO = NO;
				MTL_FAST_MATH = YES;
				SDKROOT = iphoneos;
				SWIFT_COMPILATION_MODE = wholemodule;
				SWIFT_OPTIMIZATION_LEVEL = "-O";
				VALIDATE_PRODUCT = YES;
			};
			name = Release;
		};
		9020062529858E6E0054D297 /* Debug */ = {
			isa = XCBuildConfiguration;
			buildSettings = {
				ASSETCATALOG_COMPILER_APPICON_NAME = AppIcon;
				ASSETCATALOG_COMPILER_GLOBAL_ACCENT_COLOR_NAME = AccentColor;
				CODE_SIGN_STYLE = Automatic;
				CURRENT_PROJECT_VERSION = 1;
				DEVELOPMENT_ASSET_PATHS = "\"Diago/Preview Content\"";
				DEVELOPMENT_TEAM = 89CVSW5Z84;
				ENABLE_PREVIEWS = YES;
				GENERATE_INFOPLIST_FILE = YES;
				INFOPLIST_FILE = Diago/Info.plist;
				INFOPLIST_KEY_NSMicrophoneUsageDescription = "To help diagnose your cough";
				INFOPLIST_KEY_UIApplicationSceneManifest_Generation = YES;
				INFOPLIST_KEY_UIApplicationSupportsIndirectInputEvents = YES;
				INFOPLIST_KEY_UILaunchScreen_Generation = YES;
				INFOPLIST_KEY_UISupportedInterfaceOrientations_iPad = "UIInterfaceOrientationPortrait UIInterfaceOrientationPortraitUpsideDown UIInterfaceOrientationLandscapeLeft UIInterfaceOrientationLandscapeRight";
				INFOPLIST_KEY_UISupportedInterfaceOrientations_iPhone = "UIInterfaceOrientationPortrait UIInterfaceOrientationLandscapeLeft UIInterfaceOrientationLandscapeRight";
				INFOPLIST_KEY_UIUserInterfaceStyle = Light;
				LD_RUNPATH_SEARCH_PATHS = (
					"$(inherited)",
					"@executable_path/Frameworks",
				);
				MARKETING_VERSION = 1.0;
				PRODUCT_BUNDLE_IDENTIFIER = linus.Diago;
				PRODUCT_NAME = "$(TARGET_NAME)";
				SWIFT_EMIT_LOC_STRINGS = YES;
				SWIFT_VERSION = 5.0;
				TARGETED_DEVICE_FAMILY = "1,2";
			};
			name = Debug;
		};
		9020062629858E6E0054D297 /* Release */ = {
			isa = XCBuildConfiguration;
			buildSettings = {
				ASSETCATALOG_COMPILER_APPICON_NAME = AppIcon;
				ASSETCATALOG_COMPILER_GLOBAL_ACCENT_COLOR_NAME = AccentColor;
				CODE_SIGN_STYLE = Automatic;
				CURRENT_PROJECT_VERSION = 1;
				DEVELOPMENT_ASSET_PATHS = "\"Diago/Preview Content\"";
				DEVELOPMENT_TEAM = 89CVSW5Z84;
				ENABLE_PREVIEWS = YES;
				GENERATE_INFOPLIST_FILE = YES;
				INFOPLIST_FILE = Diago/Info.plist;
				INFOPLIST_KEY_NSMicrophoneUsageDescription = "To help diagnose your cough";
				INFOPLIST_KEY_UIApplicationSceneManifest_Generation = YES;
				INFOPLIST_KEY_UIApplicationSupportsIndirectInputEvents = YES;
				INFOPLIST_KEY_UILaunchScreen_Generation = YES;
				INFOPLIST_KEY_UISupportedInterfaceOrientations_iPad = "UIInterfaceOrientationPortrait UIInterfaceOrientationPortraitUpsideDown UIInterfaceOrientationLandscapeLeft UIInterfaceOrientationLandscapeRight";
				INFOPLIST_KEY_UISupportedInterfaceOrientations_iPhone = "UIInterfaceOrientationPortrait UIInterfaceOrientationLandscapeLeft UIInterfaceOrientationLandscapeRight";
				INFOPLIST_KEY_UIUserInterfaceStyle = Light;
				LD_RUNPATH_SEARCH_PATHS = (
					"$(inherited)",
					"@executable_path/Frameworks",
				);
				MARKETING_VERSION = 1.0;
				PRODUCT_BUNDLE_IDENTIFIER = linus.Diago;
				PRODUCT_NAME = "$(TARGET_NAME)";
				SWIFT_EMIT_LOC_STRINGS = YES;
				SWIFT_VERSION = 5.0;
				TARGETED_DEVICE_FAMILY = "1,2";
			};
			name = Release;
		};
		9020062829858E6E0054D297 /* Debug */ = {
			isa = XCBuildConfiguration;
			buildSettings = {
				ALWAYS_EMBED_SWIFT_STANDARD_LIBRARIES = YES;
				BUNDLE_LOADER = "$(TEST_HOST)";
				CODE_SIGN_STYLE = Automatic;
				CURRENT_PROJECT_VERSION = 1;
				GENERATE_INFOPLIST_FILE = YES;
				IPHONEOS_DEPLOYMENT_TARGET = 16.0;
				MARKETING_VERSION = 1.0;
				PRODUCT_BUNDLE_IDENTIFIER = cesarg.DiagoTests;
				PRODUCT_NAME = "$(TARGET_NAME)";
				SWIFT_EMIT_LOC_STRINGS = NO;
				SWIFT_VERSION = 5.0;
				TARGETED_DEVICE_FAMILY = "1,2";
				TEST_HOST = "$(BUILT_PRODUCTS_DIR)/Diago.app/$(BUNDLE_EXECUTABLE_FOLDER_PATH)/Diago";
			};
			name = Debug;
		};
		9020062929858E6E0054D297 /* Release */ = {
			isa = XCBuildConfiguration;
			buildSettings = {
				ALWAYS_EMBED_SWIFT_STANDARD_LIBRARIES = YES;
				BUNDLE_LOADER = "$(TEST_HOST)";
				CODE_SIGN_STYLE = Automatic;
				CURRENT_PROJECT_VERSION = 1;
				GENERATE_INFOPLIST_FILE = YES;
				IPHONEOS_DEPLOYMENT_TARGET = 16.0;
				MARKETING_VERSION = 1.0;
				PRODUCT_BUNDLE_IDENTIFIER = cesarg.DiagoTests;
				PRODUCT_NAME = "$(TARGET_NAME)";
				SWIFT_EMIT_LOC_STRINGS = NO;
				SWIFT_VERSION = 5.0;
				TARGETED_DEVICE_FAMILY = "1,2";
				TEST_HOST = "$(BUILT_PRODUCTS_DIR)/Diago.app/$(BUNDLE_EXECUTABLE_FOLDER_PATH)/Diago";
			};
			name = Release;
		};
		9020062B29858E6E0054D297 /* Debug */ = {
			isa = XCBuildConfiguration;
			buildSettings = {
				ALWAYS_EMBED_SWIFT_STANDARD_LIBRARIES = YES;
				CODE_SIGN_STYLE = Automatic;
				CURRENT_PROJECT_VERSION = 1;
				GENERATE_INFOPLIST_FILE = YES;
				MARKETING_VERSION = 1.0;
				PRODUCT_BUNDLE_IDENTIFIER = cesarg.DiagoUITests;
				PRODUCT_NAME = "$(TARGET_NAME)";
				SWIFT_EMIT_LOC_STRINGS = NO;
				SWIFT_VERSION = 5.0;
				TARGETED_DEVICE_FAMILY = "1,2";
				TEST_TARGET_NAME = Diago;
			};
			name = Debug;
		};
		9020062C29858E6E0054D297 /* Release */ = {
			isa = XCBuildConfiguration;
			buildSettings = {
				ALWAYS_EMBED_SWIFT_STANDARD_LIBRARIES = YES;
				CODE_SIGN_STYLE = Automatic;
				CURRENT_PROJECT_VERSION = 1;
				GENERATE_INFOPLIST_FILE = YES;
				MARKETING_VERSION = 1.0;
				PRODUCT_BUNDLE_IDENTIFIER = cesarg.DiagoUITests;
				PRODUCT_NAME = "$(TARGET_NAME)";
				SWIFT_EMIT_LOC_STRINGS = NO;
				SWIFT_VERSION = 5.0;
				TARGETED_DEVICE_FAMILY = "1,2";
				TEST_TARGET_NAME = Diago;
			};
			name = Release;
		};
/* End XCBuildConfiguration section */

/* Begin XCConfigurationList section */
		902005F629858E6C0054D297 /* Build configuration list for PBXProject "Diago" */ = {
			isa = XCConfigurationList;
			buildConfigurations = (
				9020062229858E6E0054D297 /* Debug */,
				9020062329858E6E0054D297 /* Release */,
			);
			defaultConfigurationIsVisible = 0;
			defaultConfigurationName = Release;
		};
		9020062429858E6E0054D297 /* Build configuration list for PBXNativeTarget "Diago" */ = {
			isa = XCConfigurationList;
			buildConfigurations = (
				9020062529858E6E0054D297 /* Debug */,
				9020062629858E6E0054D297 /* Release */,
			);
			defaultConfigurationIsVisible = 0;
			defaultConfigurationName = Release;
		};
		9020062729858E6E0054D297 /* Build configuration list for PBXNativeTarget "DiagoTests" */ = {
			isa = XCConfigurationList;
			buildConfigurations = (
				9020062829858E6E0054D297 /* Debug */,
				9020062929858E6E0054D297 /* Release */,
			);
			defaultConfigurationIsVisible = 0;
			defaultConfigurationName = Release;
		};
		9020062A29858E6E0054D297 /* Build configuration list for PBXNativeTarget "DiagoUITests" */ = {
			isa = XCConfigurationList;
			buildConfigurations = (
				9020062B29858E6E0054D297 /* Debug */,
				9020062C29858E6E0054D297 /* Release */,
			);
			defaultConfigurationIsVisible = 0;
			defaultConfigurationName = Release;
		};
/* End XCConfigurationList section */

/* Begin XCRemoteSwiftPackageReference section */
		9020063829859F9E0054D297 /* XCRemoteSwiftPackageReference "firebase-ios-sdk" */ = {
			isa = XCRemoteSwiftPackageReference;
			repositoryURL = "https://github.com/firebase/firebase-ios-sdk";
			requirement = {
				kind = upToNextMajorVersion;
				minimumVersion = 9.0.0;
			};
		};
		9020064E29861BC80054D297 /* XCRemoteSwiftPackageReference "DSWaveformImage" */ = {
			isa = XCRemoteSwiftPackageReference;
			repositoryURL = "https://github.com/dmrschmidt/DSWaveformImage";
			requirement = {
				kind = upToNextMajorVersion;
				minimumVersion = 9.0.0;
			};
		};
		FCE0E8DD2986B502004A331C /* XCRemoteSwiftPackageReference "OAuthSwift" */ = {
			isa = XCRemoteSwiftPackageReference;
			repositoryURL = "https://github.com/OAuthSwift/OAuthSwift.git";
			requirement = {
				branch = master;
				kind = branch;
			};
		};
/* End XCRemoteSwiftPackageReference section */

/* Begin XCSwiftPackageProductDependency section */
		9020063929859F9E0054D297 /* FirebaseFirestore */ = {
			isa = XCSwiftPackageProductDependency;
			package = 9020063829859F9E0054D297 /* XCRemoteSwiftPackageReference "firebase-ios-sdk" */;
			productName = FirebaseFirestore;
		};
		9020063B29859F9E0054D297 /* FirebaseFirestoreCombine-Community */ = {
			isa = XCSwiftPackageProductDependency;
			package = 9020063829859F9E0054D297 /* XCRemoteSwiftPackageReference "firebase-ios-sdk" */;
			productName = "FirebaseFirestoreCombine-Community";
		};
		9020063D29859F9E0054D297 /* FirebaseFirestoreSwift */ = {
			isa = XCSwiftPackageProductDependency;
			package = 9020063829859F9E0054D297 /* XCRemoteSwiftPackageReference "firebase-ios-sdk" */;
			productName = FirebaseFirestoreSwift;
		};
		9020064F29861BC90054D297 /* DSWaveformImage */ = {
			isa = XCSwiftPackageProductDependency;
			package = 9020064E29861BC80054D297 /* XCRemoteSwiftPackageReference "DSWaveformImage" */;
			productName = DSWaveformImage;
		};
		90B36B0729866DA00049942E /* FirebaseStorage */ = {
			isa = XCSwiftPackageProductDependency;
			package = 9020063829859F9E0054D297 /* XCRemoteSwiftPackageReference "firebase-ios-sdk" */;
			productName = FirebaseStorage;
		};
		FCE0E8DE2986B502004A331C /* OAuthSwift */ = {
			isa = XCSwiftPackageProductDependency;
			package = FCE0E8DD2986B502004A331C /* XCRemoteSwiftPackageReference "OAuthSwift" */;
			productName = OAuthSwift;
		};
/* End XCSwiftPackageProductDependency section */

/* Begin XCVersionGroup section */
		9020060929858E6E0054D297 /* Diago.xcdatamodeld */ = {
			isa = XCVersionGroup;
			children = (
				9020060A29858E6E0054D297 /* Diago.xcdatamodel */,
			);
			currentVersion = 9020060A29858E6E0054D297 /* Diago.xcdatamodel */;
			path = Diago.xcdatamodeld;
			sourceTree = "<group>";
			versionGroupType = wrapper.xcdatamodel;
		};
/* End XCVersionGroup section */
	};
	rootObject = 902005F329858E6C0054D297 /* Project object */;
}
